
Microsoft Visual Studio Solution File, Format Version 12.00
# Visual Studio Version 16
VisualStudioVersion = 16.0.29911.84
MinimumVisualStudioVersion = 10.0.40219.1
Project("{8BC9CEB8-8B4A-11D0-8D11-00A0C91BC942}") = "LUDecomposition", "LUDecomposition\LUDecomposition.vcxproj", "{9095F501-F765-4565-B354-BA9300F54389}"
EndProject
Global
	GlobalSection(SolutionConfigurationPlatforms) = preSolution
		Debug|x64 = Debug|x64
		Debug|x86 = Debug|x86
		Release|x64 = Release|x64
		Release|x86 = Release|x86
	EndGlobalSection
	GlobalSection(ProjectConfigurationPlatforms) = postSolution
		{9095F501-F765-4565-B354-BA9300F54389}.Debug|x64.ActiveCfg = Debug|x64
		{9095F501-F765-4565-B354-BA9300F54389}.Debug|x64.Build.0 = Debug|x64
		{9095F501-F765-4565-B354-BA9300F54389}.Debug|x86.ActiveCfg = Debug|Win32
		{9095F501-F765-4565-B354-BA9300F54389}.Debug|x86.Build.0 = Debug|Win32
		{9095F501-F765-4565-B354-BA9300F54389}.Release|x64.ActiveCfg = Release|x64
		{9095F501-F765-4565-B354-BA9300F54389}.Release|x64.Build.0 = Release|x64
		{9095F501-F765-4565-B354-BA9300F54389}.Release|x86.ActiveCfg = Release|Win32
		{9095F501-F765-4565-B354-BA9300F54389}.Release|x86.Build.0 = Release|Win32
	EndGlobalSection
	GlobalSection(SolutionProperties) = preSolution
		HideSolutionNode = FALSE
	EndGlobalSection
	GlobalSection(ExtensibilityGlobals) = postSolution
		SolutionGuid = {A59946D2-CF21-446D-8AE9-0F0F59A1C798}
	EndGlobalSection
EndGlobal
